{
  "name": "ccy-test-actions-publish",
  "version": "0.0.3",
  "lockfileVersion": 2,
  "requires": true,
  "packages": {
    "": {
      "name": "ccy-test-actions-publish",
      "version": "0.0.3",
      "license": "ISC",
      "dependencies": {
        "sweet-storage": "^1.0.4"
      }
    },
    "node_modules/sweet-storage": {
      "version": "1.0.4",
      "resolved": "https://mirrors.huaweicloud.com/repository/npm/sweet-storage/-/sweet-storage-1.0.4.tgz",
      "integrity": "sha512-Zlu90tmEaDaamIunnnne1vVgay/Nb8tHMRsqz1NLrR7eexLoLZAV+fb88Fy4hVjOHamlxa7eMSC6f93hoIJSKA==",
      "license": "MIT"
    }
  },
  "dependencies": {
    "sweet-storage": {
      "version": "1.0.4",
      "resolved": "https://mirrors.huaweicloud.com/repository/npm/sweet-storage/-/sweet-storage-1.0.4.tgz",
      "integrity": "sha512-Zlu90tmEaDaamIunnnne1vVgay/Nb8tHMRsqz1NLrR7eexLoLZAV+fb88Fy4hVjOHamlxa7eMSC6f93hoIJSKA=="
    }
  }
}
